
Microsoft Visual Studio Solution File, Format Version 12.00
# Visual Studio Version 16
VisualStudioVersion = 16.0.35229.62
MinimumVisualStudioVersion = 10.0.40219.1
Project("{FAE04EC0-301F-11D3-BF4B-00C04F79EFBC}") = "Project2_learning_DOT_NET", "Project2_learning_DOT_NET\Project2_learning_DOT_NET.csproj", "{6FA02140-696D-4705-A3C7-B5348369F16D}"
EndProject
Global
	GlobalSection(SolutionConfigurationPlatforms) = preSolution
		Debug|Any CPU = Debug|Any CPU
		Release|Any CPU = Release|Any CPU
	EndGlobalSection
	GlobalSection(ProjectConfigurationPlatforms) = postSolution
		{6FA02140-696D-4705-A3C7-B5348369F16D}.Debug|Any CPU.ActiveCfg = Debug|Any CPU
		{6FA02140-696D-4705-A3C7-B5348369F16D}.Debug|Any CPU.Build.0 = Debug|Any CPU
		{6FA02140-696D-4705-A3C7-B5348369F16D}.Release|Any CPU.ActiveCfg = Release|Any CPU
		{6FA02140-696D-4705-A3C7-B5348369F16D}.Release|Any CPU.Build.0 = Release|Any CPU
	EndGlobalSection
	GlobalSection(SolutionProperties) = preSolution
		HideSolutionNode = FALSE
	EndGlobalSection
	GlobalSection(ExtensibilityGlobals) = postSolution
		SolutionGuid = {C8F3A311-674A-4AFA-9DDF-45DA63CB0613}
	EndGlobalSection
EndGlobal
